
Microsoft Visual Studio Solution File, Format Version 12.00
# Visual Studio Version 17
VisualStudioVersion = 17.14.36202.13
MinimumVisualStudioVersion = 10.0.40219.1
Project("{FAE04EC0-301F-11D3-BF4B-00C04F79EFBC}") = "WingtipToys.ShopUI", "WingtipToys.ShopUI\WingtipToys.ShopUI.csproj", "{3EAF67CC-D5D2-4624-8347-2545C9EA4AE9}"
EndProject
Project("{FAE04EC0-301F-11D3-BF4B-00C04F79EFBC}") = "WingtipToys.ShopUI.Core", "WingtipToys.ShopUI.Core\WingtipToys.ShopUI.Core.csproj", "{EC9954E7-D628-4F0A-41AE-39FB025F3028}"
EndProject
Project("{2150E333-8FDC-42A3-9474-1A3956D46DE8}") = "Legacy", "Legacy", "{02EA681E-C7D8-13C7-8484-4AC65E1B71E8}"
EndProject
Project("{2150E333-8FDC-42A3-9474-1A3956D46DE8}") = "Modern", "Modern", "{3C6EA35B-7116-4578-A1A5-59E478EA815F}"
EndProject
Project("{FAE04EC0-301F-11D3-BF4B-00C04F79EFBC}") = "WingtipToys.AdminUI", "WingtipToys.AdminUI\WingtipToys.AdminUI.csproj", "{13833ADB-D6CA-4D42-9AB3-E15DCB7EF7F8}"
EndProject
Project("{FAE04EC0-301F-11D3-BF4B-00C04F79EFBC}") = "WingtipToys.AdminUI.Core", "WingtipToys.AdminUICore\WingtipToys.AdminUI.Core.csproj", "{15D46C9A-C07A-13AF-7D05-A3A630958B2B}"
EndProject
Project("{FAE04EC0-301F-11D3-BF4B-00C04F79EFBC}") = "WingtipToys.Common", "WingtipToys.Common\WingtipToys.Common.csproj", "{68A9323B-8C84-F822-5B9B-436BF5D3C988}"
EndProject
Project("{FAE04EC0-301F-11D3-BF4B-00C04F79EFBC}") = "WingtipToys.Data", "WingtipToys.Data\WingtipToys.Data.csproj", "{FF01A182-B6F9-4A44-B05C-43527FAFD42E}"
EndProject
Project("{FAE04EC0-301F-11D3-BF4B-00C04F79EFBC}") = "WingtipToys.Identity", "WingtipToys.Identity\WingtipToys.Identity.csproj", "{F6C13961-8395-48DB-A72E-D82FF9C52CE5}"
EndProject
Project("{FAE04EC0-301F-11D3-BF4B-00C04F79EFBC}") = "WingtipToys.Data.Core", "WingtipToys.DataCore\WingtipToys.Data.Core.csproj", "{CEEA9DCF-3640-43DB-6448-8C4F2364ECD9}"
EndProject
Project("{2150E333-8FDC-42A3-9474-1A3956D46DE8}") = "Library", "Library", "{5316DAA3-A793-45F5-ABB3-3589B25B7A02}"
EndProject
Project("{2150E333-8FDC-42A3-9474-1A3956D46DE8}") = "UI", "UI", "{0D665357-7B96-42EC-ADFB-D31E201B7642}"
EndProject
Project("{2150E333-8FDC-42A3-9474-1A3956D46DE8}") = "UI", "UI", "{4FFC9B38-3C13-47FE-9534-7241E3AA59CB}"
EndProject
Project("{2150E333-8FDC-42A3-9474-1A3956D46DE8}") = "Library", "Library", "{AACFD99B-C77F-4ECC-B154-4A9DAF1F53EB}"
EndProject
Global
	GlobalSection(SolutionConfigurationPlatforms) = preSolution
		Debug|Any CPU = Debug|Any CPU
		Release|Any CPU = Release|Any CPU
	EndGlobalSection
	GlobalSection(ProjectConfigurationPlatforms) = postSolution
		{3EAF67CC-D5D2-4624-8347-2545C9EA4AE9}.Debug|Any CPU.ActiveCfg = Debug|Any CPU
		{3EAF67CC-D5D2-4624-8347-2545C9EA4AE9}.Debug|Any CPU.Build.0 = Debug|Any CPU
		{3EAF67CC-D5D2-4624-8347-2545C9EA4AE9}.Release|Any CPU.ActiveCfg = Release|Any CPU
		{3EAF67CC-D5D2-4624-8347-2545C9EA4AE9}.Release|Any CPU.Build.0 = Release|Any CPU
		{EC9954E7-D628-4F0A-41AE-39FB025F3028}.Debug|Any CPU.ActiveCfg = Debug|Any CPU
		{EC9954E7-D628-4F0A-41AE-39FB025F3028}.Debug|Any CPU.Build.0 = Debug|Any CPU
		{EC9954E7-D628-4F0A-41AE-39FB025F3028}.Release|Any CPU.ActiveCfg = Release|Any CPU
		{EC9954E7-D628-4F0A-41AE-39FB025F3028}.Release|Any CPU.Build.0 = Release|Any CPU
		{13833ADB-D6CA-4D42-9AB3-E15DCB7EF7F8}.Debug|Any CPU.ActiveCfg = Debug|Any CPU
		{13833ADB-D6CA-4D42-9AB3-E15DCB7EF7F8}.Debug|Any CPU.Build.0 = Debug|Any CPU
		{13833ADB-D6CA-4D42-9AB3-E15DCB7EF7F8}.Release|Any CPU.ActiveCfg = Release|Any CPU
		{13833ADB-D6CA-4D42-9AB3-E15DCB7EF7F8}.Release|Any CPU.Build.0 = Release|Any CPU
		{15D46C9A-C07A-13AF-7D05-A3A630958B2B}.Debug|Any CPU.ActiveCfg = Debug|Any CPU
		{15D46C9A-C07A-13AF-7D05-A3A630958B2B}.Debug|Any CPU.Build.0 = Debug|Any CPU
		{15D46C9A-C07A-13AF-7D05-A3A630958B2B}.Release|Any CPU.ActiveCfg = Release|Any CPU
		{15D46C9A-C07A-13AF-7D05-A3A630958B2B}.Release|Any CPU.Build.0 = Release|Any CPU
		{68A9323B-8C84-F822-5B9B-436BF5D3C988}.Debug|Any CPU.ActiveCfg = Debug|Any CPU
		{68A9323B-8C84-F822-5B9B-436BF5D3C988}.Debug|Any CPU.Build.0 = Debug|Any CPU
		{68A9323B-8C84-F822-5B9B-436BF5D3C988}.Release|Any CPU.ActiveCfg = Release|Any CPU
		{68A9323B-8C84-F822-5B9B-436BF5D3C988}.Release|Any CPU.Build.0 = Release|Any CPU
		{FF01A182-B6F9-4A44-B05C-43527FAFD42E}.Debug|Any CPU.ActiveCfg = Debug|Any CPU
		{FF01A182-B6F9-4A44-B05C-43527FAFD42E}.Debug|Any CPU.Build.0 = Debug|Any CPU
		{FF01A182-B6F9-4A44-B05C-43527FAFD42E}.Release|Any CPU.ActiveCfg = Release|Any CPU
		{FF01A182-B6F9-4A44-B05C-43527FAFD42E}.Release|Any CPU.Build.0 = Release|Any CPU
		{F6C13961-8395-48DB-A72E-D82FF9C52CE5}.Debug|Any CPU.ActiveCfg = Debug|Any CPU
		{F6C13961-8395-48DB-A72E-D82FF9C52CE5}.Debug|Any CPU.Build.0 = Debug|Any CPU
		{F6C13961-8395-48DB-A72E-D82FF9C52CE5}.Release|Any CPU.ActiveCfg = Release|Any CPU
		{F6C13961-8395-48DB-A72E-D82FF9C52CE5}.Release|Any CPU.Build.0 = Release|Any CPU
		{CEEA9DCF-3640-43DB-6448-8C4F2364ECD9}.Debug|Any CPU.ActiveCfg = Debug|Any CPU
		{CEEA9DCF-3640-43DB-6448-8C4F2364ECD9}.Debug|Any CPU.Build.0 = Debug|Any CPU
		{CEEA9DCF-3640-43DB-6448-8C4F2364ECD9}.Release|Any CPU.ActiveCfg = Release|Any CPU
		{CEEA9DCF-3640-43DB-6448-8C4F2364ECD9}.Release|Any CPU.Build.0 = Release|Any CPU
	EndGlobalSection
	GlobalSection(SolutionProperties) = preSolution
		HideSolutionNode = FALSE
	EndGlobalSection
	GlobalSection(NestedProjects) = preSolution
		{3EAF67CC-D5D2-4624-8347-2545C9EA4AE9} = {4FFC9B38-3C13-47FE-9534-7241E3AA59CB}
		{EC9954E7-D628-4F0A-41AE-39FB025F3028} = {0D665357-7B96-42EC-ADFB-D31E201B7642}
		{13833ADB-D6CA-4D42-9AB3-E15DCB7EF7F8} = {4FFC9B38-3C13-47FE-9534-7241E3AA59CB}
		{15D46C9A-C07A-13AF-7D05-A3A630958B2B} = {0D665357-7B96-42EC-ADFB-D31E201B7642}
		{68A9323B-8C84-F822-5B9B-436BF5D3C988} = {AACFD99B-C77F-4ECC-B154-4A9DAF1F53EB}
		{FF01A182-B6F9-4A44-B05C-43527FAFD42E} = {AACFD99B-C77F-4ECC-B154-4A9DAF1F53EB}
		{F6C13961-8395-48DB-A72E-D82FF9C52CE5} = {AACFD99B-C77F-4ECC-B154-4A9DAF1F53EB}
		{CEEA9DCF-3640-43DB-6448-8C4F2364ECD9} = {5316DAA3-A793-45F5-ABB3-3589B25B7A02}
		{5316DAA3-A793-45F5-ABB3-3589B25B7A02} = {3C6EA35B-7116-4578-A1A5-59E478EA815F}
		{0D665357-7B96-42EC-ADFB-D31E201B7642} = {3C6EA35B-7116-4578-A1A5-59E478EA815F}
		{4FFC9B38-3C13-47FE-9534-7241E3AA59CB} = {02EA681E-C7D8-13C7-8484-4AC65E1B71E8}
		{AACFD99B-C77F-4ECC-B154-4A9DAF1F53EB} = {02EA681E-C7D8-13C7-8484-4AC65E1B71E8}
	EndGlobalSection
	GlobalSection(ExtensibilityGlobals) = postSolution
		SolutionGuid = {EAFD2F4F-9DD6-4280-8DE3-414BEB5261D3}
	EndGlobalSection
EndGlobal
